
Microsoft Visual Studio Solution File, Format Version 12.00
# Visual Studio Version 17
VisualStudioVersion = 17.5.2.0
MinimumVisualStudioVersion = 10.0.40219.1
Project("{9A19103F-16F7-4668-BE54-9A1E7A4F7556}") = "Qurlify.App", "Qurlify.App\Qurlify.App.csproj", "{897A52E1-D430-498D-A623-983EFA3A24FF}"
EndProject
Project("{FAE04EC0-301F-11D3-BF4B-00C04F79EFBC}") = "Qurlify.Tests", "Qurlify.Tests\Qurlify.Tests.csproj", "{13589A2B-0810-4310-812C-7B17AEDABC51}"
EndProject
Global
	GlobalSection(SolutionConfigurationPlatforms) = preSolution
		Debug|Any CPU = Debug|Any CPU
		Debug|x64 = Debug|x64
		Debug|x86 = Debug|x86
		Release|Any CPU = Release|Any CPU
		Release|x64 = Release|x64
		Release|x86 = Release|x86
	EndGlobalSection
	GlobalSection(ProjectConfigurationPlatforms) = postSolution
		{897A52E1-D430-498D-A623-983EFA3A24FF}.Debug|Any CPU.ActiveCfg = Debug|Any CPU
		{897A52E1-D430-498D-A623-983EFA3A24FF}.Debug|Any CPU.Build.0 = Debug|Any CPU
		{897A52E1-D430-498D-A623-983EFA3A24FF}.Debug|x64.ActiveCfg = Debug|Any CPU
		{897A52E1-D430-498D-A623-983EFA3A24FF}.Debug|x64.Build.0 = Debug|Any CPU
		{897A52E1-D430-498D-A623-983EFA3A24FF}.Debug|x86.ActiveCfg = Debug|Any CPU
		{897A52E1-D430-498D-A623-983EFA3A24FF}.Debug|x86.Build.0 = Debug|Any CPU
		{897A52E1-D430-498D-A623-983EFA3A24FF}.Release|Any CPU.ActiveCfg = Release|Any CPU
		{897A52E1-D430-498D-A623-983EFA3A24FF}.Release|Any CPU.Build.0 = Release|Any CPU
		{897A52E1-D430-498D-A623-983EFA3A24FF}.Release|x64.ActiveCfg = Release|Any CPU
		{897A52E1-D430-498D-A623-983EFA3A24FF}.Release|x64.Build.0 = Release|Any CPU
		{897A52E1-D430-498D-A623-983EFA3A24FF}.Release|x86.ActiveCfg = Release|Any CPU
		{897A52E1-D430-498D-A623-983EFA3A24FF}.Release|x86.Build.0 = Release|Any CPU
		{13589A2B-0810-4310-812C-7B17AEDABC51}.Debug|Any CPU.ActiveCfg = Debug|Any CPU
		{13589A2B-0810-4310-812C-7B17AEDABC51}.Debug|Any CPU.Build.0 = Debug|Any CPU
		{13589A2B-0810-4310-812C-7B17AEDABC51}.Debug|x64.ActiveCfg = Debug|Any CPU
		{13589A2B-0810-4310-812C-7B17AEDABC51}.Debug|x64.Build.0 = Debug|Any CPU
		{13589A2B-0810-4310-812C-7B17AEDABC51}.Debug|x86.ActiveCfg = Debug|Any CPU
		{13589A2B-0810-4310-812C-7B17AEDABC51}.Debug|x86.Build.0 = Debug|Any CPU
		{13589A2B-0810-4310-812C-7B17AEDABC51}.Release|Any CPU.ActiveCfg = Release|Any CPU
		{13589A2B-0810-4310-812C-7B17AEDABC51}.Release|Any CPU.Build.0 = Release|Any CPU
		{13589A2B-0810-4310-812C-7B17AEDABC51}.Release|x64.ActiveCfg = Release|Any CPU
		{13589A2B-0810-4310-812C-7B17AEDABC51}.Release|x64.Build.0 = Release|Any CPU
		{13589A2B-0810-4310-812C-7B17AEDABC51}.Release|x86.ActiveCfg = Release|Any CPU
		{13589A2B-0810-4310-812C-7B17AEDABC51}.Release|x86.Build.0 = Release|Any CPU
	EndGlobalSection
	GlobalSection(SolutionProperties) = preSolution
		HideSolutionNode = FALSE
	EndGlobalSection
	GlobalSection(ExtensibilityGlobals) = postSolution
		SolutionGuid = {B6C39BA4-DFCA-4A02-BDC7-CC2D8C7C70E5}
	EndGlobalSection
EndGlobal
